// !$*UTF8*$!
{
	archiveVersion = 1;
	classes = {
	};
	objectVersion = 46;
	objects = {

/* Begin PBXBuildFile section */
		2D599DFB1BB1040B0077D5EA /* main.m in Sources */ = {isa = PBXBuildFile; fileRef = 2D599DFA1BB1040B0077D5EA /* main.m */; };
		2D599E031BB104250077D5EA /* Test.m in Sources */ = {isa = PBXBuildFile; fileRef = 2D599E021BB104250077D5EA /* Test.m */; };
/* End PBXBuildFile section */

/* Begin PBXCopyFilesBuildPhase section */
		2D599DF51BB1040B0077D5EA /* CopyFiles */ = {
			isa = PBXCopyFilesBuildPhase;
			buildActionMask = 2147483647;
			dstPath = /usr/share/man/man1/;
			dstSubfolderSpec = 0;
			files = (
			);
			runOnlyForDeploymentPostprocessing = 1;
		};
/* End PBXCopyFilesBuildPhase section */

/* Begin PBXFileReference section */
		2D599DF71BB1040B0077D5EA /* Demo3_类方法 */ = {isa = PBXFileReference; explicitFileType = "compiled.mach-o.executable"; includeInIndex = 0; path = "Demo3_类方法"; sourceTree = BUILT_PRODUCTS_DIR; };
		2D599DFA1BB1040B0077D5EA /* main.m */ = {isa = PBXFileReference; lastKnownFileType = sourcecode.c.objc; path = main.m; sourceTree = "<group>"; };
		2D599E011BB104250077D5EA /* Test.h */ = {isa = PBXFileReference; fileEncoding = 4; lastKnownFileType = sourcecode.c.h; path = Test.h; sourceTree = "<group>"; };
		2D599E021BB104250077D5EA /* Test.m */ = {isa = PBXFileReference; fileEncoding = 4; lastKnownFileType = sourcecode.c.objc; path = Test.m; sourceTree = "<group>"; };
/* End PBXFileReference section */

/* Begin PBXFrameworksBuildPhase section */
		2D599DF41BB1040B0077D5EA /* Frameworks */ = {
			isa = PBXFrameworksBuildPhase;
			buildActionMask = 2147483647;
			files = (
			);
			runOnlyForDeploymentPostprocessing = 0;
		};
/* End PBXFrameworksBuildPhase section */

/* Begin PBXGroup section */
		2D599DEE1BB1040B0077D5EA = {
			isa = PBXGroup;
			children = (
				2D599DF91BB1040B0077D5EA /* Demo3_类方法 */,
				2D599DF81BB1040B0077D5EA /* Products */,
			);
			sourceTree = "<group>";
		};
		2D599DF81BB1040B0077D5EA /* Products */ = {
			isa = PBXGroup;
			children = (
				2D599DF71BB1040B0077D5EA /* Demo3_类方法 */,
			);
			name = Products;
			sourceTree = "<group>";
		};
		2D599DF91BB1040B0077D5EA /* Demo3_类方法 */ = {
			isa = PBXGroup;
			children = (
				2D599DFA1BB1040B0077D5EA /* main.m */,
				2D599E011BB104250077D5EA /* Test.h */,
				2D599E021BB104250077D5EA /* Test.m */,
			);
			path = "Demo3_类方法";
			sourceTree = "<group>";
		};
/* End PBXGroup section */

/* Begin PBXNativeTarget section */
		2D599DF61BB1040B0077D5EA /* Demo3_类方法 */ = {
			isa = PBXNativeTarget;
			buildConfigurationList = 2D599DFE1BB1040B0077D5EA /* Build configuration list for PBXNativeTarget "Demo3_类方法" */;
			buildPhases = (
				2D599DF31BB1040B0077D5EA /* Sources */,
				2D599DF41BB1040B0077D5EA /* Frameworks */,
				2D599DF51BB1040B0077D5EA /* CopyFiles */,
			);
			buildRules = (
			);
			dependencies = (
			);
			name = "Demo3_类方法";
			productName = "Demo3_类方法";
			productReference = 2D599DF71BB1040B0077D5EA /* Demo3_类方法 */;
			productType = "com.apple.product-type.tool";
		};
/* End PBXNativeTarget section */

/* Begin PBXProject section */
		2D599DEF1BB1040B0077D5EA /* Project object */ = {
			isa = PBXProject;
			attributes = {
				LastUpgradeCheck = 0610;
				ORGANIZATIONNAME = renrui;
				TargetAttributes = {
					2D599DF61BB1040B0077D5EA = {
						CreatedOnToolsVersion = 6.1.1;
					};
				};
			};
			buildConfigurationList = 2D599DF21BB1040B0077D5EA /* Build configuration list for PBXProject "Demo3_类方法" */;
			compatibilityVersion = "Xcode 3.2";
			developmentRegion = English;
			hasScannedForEncodings = 0;
			knownRegions = (
				en,
			);
			mainGroup = 2D599DEE1BB1040B0077D5EA;
			productRefGroup = 2D599DF81BB1040B0077D5EA /* Products */;
			projectDirPath = "";
			projectRoot = "";
			targets = (
				2D599DF61BB1040B0077D5EA /* Demo3_类方法 */,
			);
		};
/* End PBXProject section */

/* Begin PBXSourcesBuildPhase section */
		2D599DF31BB1040B0077D5EA /* Sources */ = {
			isa = PBXSourcesBuildPhase;
			buildActionMask = 2147483647;
			files = (
				2D599DFB1BB1040B0077D5EA /* main.m in Sources */,
				2D599E031BB104250077D5EA /* Test.m in Sources */,
			);
			runOnlyForDeploymentPostprocessing = 0;
		};
/* End PBXSourcesBuildPhase section */

/* Begin XCBuildConfiguration section */
		2D599DFC1BB1040B0077D5EA /* Debug */ = {
			isa = XCBuildConfiguration;
			buildSettings = {
				ALWAYS_SEARCH_USER_PATHS = NO;
				CLANG_CXX_LANGUAGE_STANDARD = "gnu++0x";
				CLANG_CXX_LIBRARY = "libc++";
				CLANG_ENABLE_MODULES = YES;
				CLANG_ENABLE_OBJC_ARC = YES;
				CLANG_WARN_BOOL_CONVERSION = YES;
				CLANG_WARN_CONSTANT_CONVERSION = YES;
				CLANG_WARN_DIRECT_OBJC_ISA_USAGE = YES_ERROR;
				CLANG_WARN_EMPTY_BODY = YES;
				CLANG_WARN_ENUM_CONVERSION = YES;
				CLANG_WARN_INT_CONVERSION = YES;
				CLANG_WARN_OBJC_ROOT_CLASS = YES_ERROR;
				CLANG_WARN_UNREACHABLE_CODE = YES;
				CLANG_WARN__DUPLICATE_METHOD_MATCH = YES;
				COPY_PHASE_STRIP = NO;
				ENABLE_STRICT_OBJC_MSGSEND = YES;
				GCC_C_LANGUAGE_STANDARD = gnu99;
				GCC_DYNAMIC_NO_PIC = NO;
				GCC_OPTIMIZATION_LEVEL = 0;
				GCC_PREPROCESSOR_DEFINITIONS = (
					"DEBUG=1",
					"$(inherited)",
				);
				GCC_SYMBOLS_PRIVATE_EXTERN = NO;
				GCC_WARN_64_TO_32_BIT_CONVERSION = YES;
				GCC_WARN_ABOUT_RETURN_TYPE = YES_ERROR;
				GCC_WARN_UNDECLARED_SELECTOR = YES;
				GCC_WARN_UNINITIALIZED_AUTOS = YES_AGGRESSIVE;
				GCC_WARN_UNUSED_FUNCTION = YES;
				GCC_WARN_UNUSED_VARIABLE = YES;
				MACOSX_DEPLOYMENT_TARGET = 10.10;
				MTL_ENABLE_DEBUG_INFO = YES;
				ONLY_ACTIVE_ARCH = YES;
				SDKROOT = macosx;
			};
			name = Debug;
		};
		2D599DFD1BB1040B0077D5EA /* Release */ = {
			isa = XCBuildConfiguration;
			buildSettings = {
				ALWAYS_SEARCH_USER_PATHS = NO;
				CLANG_CXX_LANGUAGE_STANDARD = "gnu++0x";
				CLANG_CXX_LIBRARY = "libc++";
				CLANG_ENABLE_MODULES = YES;
				CLANG_ENABLE_OBJC_ARC = YES;
				CLANG_WARN_BOOL_CONVERSION = YES;
				CLANG_WARN_CONSTANT_CONVERSION = YES;
				CLANG_WARN_DIRECT_OBJC_ISA_USAGE = YES_ERROR;
				CLANG_WARN_EMPTY_BODY = YES;
				CLANG_WARN_ENUM_CONVERSION = YES;
				CLANG_WARN_INT_CONVERSION = YES;
				CLANG_WARN_OBJC_ROOT_CLASS = YES_ERROR;
				CLANG_WARN_UNREACHABLE_CODE = YES;
				CLANG_WARN__DUPLICATE_METHOD_MATCH = YES;
				COPY_PHASE_STRIP = YES;
				DEBUG_INFORMATION_FORMAT = "dwarf-with-dsym";
				ENABLE_NS_ASSERTIONS = NO;
				ENABLE_STRICT_OBJC_MSGSEND = YES;
				GCC_C_LANGUAGE_STANDARD = gnu99;
				GCC_WARN_64_TO_32_BIT_CONVERSION = YES;
				GCC_WARN_ABOUT_RETURN_TYPE = YES_ERROR;
				GCC_WARN_UNDECLARED_SELECTOR = YES;
				GCC_WARN_UNINITIALIZED_AUTOS = YES_AGGRESSIVE;
				GCC_WARN_UNUSED_FUNCTION = YES;
				GCC_WARN_UNUSED_VARIABLE = YES;
				MACOSX_DEPLOYMENT_TARGET = 10.10;
				MTL_ENABLE_DEBUG_INFO = NO;
				SDKROOT = macosx;
			};
			name = Release;
		};
		2D599DFF1BB1040B0077D5EA /* Debug */ = {
			isa = XCBuildConfiguration;
			buildSettings = {
				PRODUCT_NAME = "$(TARGET_NAME)";
			};
			name = Debug;
		};
		2D599E001BB1040B0077D5EA /* Release */ = {
			isa = XCBuildConfiguration;
			buildSettings = {
				PRODUCT_NAME = "$(TARGET_NAME)";
			};
			name = Release;
		};
/* End XCBuildConfiguration section */

/* Begin XCConfigurationList section */
		2D599DF21BB1040B0077D5EA /* Build configuration list for PBXProject "Demo3_类方法" */ = {
			isa = XCConfigurationList;
			buildConfigurations = (
				2D599DFC1BB1040B0077D5EA /* Debug */,
				2D599DFD1BB1040B0077D5EA /* Release */,
			);
			defaultConfigurationIsVisible = 0;
			defaultConfigurationName = Release;
		};
		2D599DFE1BB1040B0077D5EA /* Build configuration list for PBXNativeTarget "Demo3_类方法" */ = {
			isa = XCConfigurationList;
			buildConfigurations = (
				2D599DFF1BB1040B0077D5EA /* Debug */,
				2D599E001BB1040B0077D5EA /* Release */,
			);
			defaultConfigurationIsVisible = 0;
		};
/* End XCConfigurationList section */
	};
	rootObject = 2D599DEF1BB1040B0077D5EA /* Project object */;
}
